<?xml version="1.0" encoding="UTF-8" standalone="yes" ?>
<CodeBlocks_project_file>
	<FileVersion major="1" minor="6" />
	<Project>
		<Option title="Client" />
		<Option makefile_is_custom="1" />
		<Option pch_mode="2" />
		<Option compiler="gcc" />
		<MakeCommands>
			<Build command="$make -f $makefile $target -j4" />
			<CompileFile command="$make -f $makefile $file" />
			<Clean command="$make -f $makefile $target clean" />
			<DistClean command="$make -f $makefile $target distclean" />
		</MakeCommands>
		<Build>
			<Target title="Debug">
				<Option output="debug\Client" prefix_auto="1" extension_auto="1" />
				<Option working_dir="debug\" />
				<Option object_output="debug\" />
				<Option type="1" />
				<Option compiler="gcc" />
				<Compiler>
					<Add option="-g" />
				</Compiler>
				<MakeCommands>
					<Build command="$make -f $makefile $target -j4" />
					<CompileFile command="$make -f $makefile $file" />
					<Clean command="$make -f $makefile $target clean" />
					<DistClean command="$make -f $makefile $target distclean" />
				</MakeCommands>
			</Target>
			<Target title="Release">
				<Option output="release\Client" prefix_auto="1" extension_auto="1" />
				<Option working_dir="release\" />
				<Option object_output="release\" />
				<Option type="1" />
				<Option compiler="gcc" />
				<Option use_console_runner="0" />
				<Option parameters="127.0.0.1" />
				<Compiler>
					<Add option="-O2" />
				</Compiler>
				<Linker>
					<Add option="-s" />
					<Add directory="SFML-1.6\lib" />
				</Linker>
				<MakeCommands>
					<Build command="$make -f $makefile $target -j4" />
					<CompileFile command="$make -f $makefile $file" />
					<Clean command="$make -f $makefile $target clean" />
					<DistClean command="$make -f $makefile $target distclean" />
				</MakeCommands>
			</Target>
		</Build>
		<Compiler>
			<Add option="-Wall" />
			<Add option="-fexceptions" />
		</Compiler>
		<Unit filename="AboutWindow.cpp" />
		<Unit filename="AboutWindow.h" />
		<Unit filename="Client.pro" />
		<Unit filename="ClientChatCommands.cpp" />
		<Unit filename="ClientGMInterface.cpp" />
		<Unit filename="ClientInterface.cpp" />
		<Unit filename="ClientInterface.h" />
		<Unit filename="ClientMapInterface.cpp" />
		<Unit filename="ClientNetwork.cpp" />
		<Unit filename="ClientNetwork.h" />
		<Unit filename="ClientNetworkSwitch.cpp" />
		<Unit filename="ClientSave.cpp" />
		<Unit filename="ClientSettings.cpp" />
		<Unit filename="ClientSettings.h" />
		<Unit filename="GUI.cpp" />
		<Unit filename="MapEditor.cpp" />
		<Unit filename="MapEditor.h" />
		<Unit filename="MapEditorDialogs.cpp" />
		<Unit filename="MapEditorDialogs.h" />
		<Unit filename="MapWidget.cpp" />
		<Unit filename="MapWidget.h" />
		<Unit filename="QColorPicker\colorpickerwidget.cpp" />
		<Unit filename="QColorPicker\colorpickerwidget.h" />
		<Unit filename="QColorPicker\colorviewer.cpp" />
		<Unit filename="QColorPicker\colorviewer.h" />
		<Unit filename="QColorPicker\qtcolortriangle.cpp" />
		<Unit filename="QColorPicker\qtcolortriangle.h" />
		<Unit filename="QColorPicker\screen.cpp" />
		<Unit filename="QColorPicker\screen.h" />
		<Unit filename="QSFMLCanvas.cpp" />
		<Unit filename="QSFMLCanvas.hpp" />
		<Unit filename="SoundLibThread.cpp" />
		<Unit filename="SoundLibThread.h" />
		<Unit filename="SoundManager.cpp" />
		<Unit filename="SoundManager.h" />
		<Unit filename="SoundsGUI.cpp" />
		<Unit filename="SoundsGUI.h" />
		<Unit filename="VOIP\Global.h" />
		<Unit filename="VOIP\Recorder.cpp" />
		<Unit filename="VOIP\Recorder.h" />
		<Unit filename="VOIP\Sound.cpp" />
		<Unit filename="VOIP\Sound.h" />
		<Unit filename="VOIP\SoundReceiver.cpp" />
		<Unit filename="VOIP\SoundReceiver.h" />
		<Unit filename="VOIP\Speex.cpp" />
		<Unit filename="VOIP\Speex.h" />
		<Unit filename="VOIP\VOIP.cpp" />
		<Unit filename="VOIP\VOIP.h" />
		<Unit filename="main.cpp" />
		<Unit filename="..\Shared\Constants.h" />
		<Unit filename="..\Shared\MapStructs.h" />
		<Unit filename="..\Shared\Miscelaneous.cpp" />
		<Unit filename="..\Shared\Packet.cpp" />
		<Unit filename="..\Shared\Packet.h" />
		<Unit filename="..\Shared\Serializer.cpp" />
		<Unit filename="..\Shared\Serializer.h" />
		<Unit filename="..\Shared\XML\MaterialThing.cpp" />
		<Unit filename="..\Shared\XML\MaterialThing.h" />
		<Unit filename="..\Shared\XML\XMLObject.h" />
		<Unit filename="..\Shared\XML\object.cpp" />
		<Unit filename="..\Shared\XML\object.h" />
		<Unit filename="..\Shared\XML\person.cpp" />
		<Unit filename="..\Shared\XML\person.h" />
		<Unit filename="..\Shared\XML\xmlobject.cpp" />
		<Extensions>
			<code_completion />
			<debugger />
		</Extensions>
	</Project>
</CodeBlocks_project_file>
